
Microsoft Visual Studio Solution File, Format Version 12.00
# Visual Studio Version 17
VisualStudioVersion = 17.8.34330.188
MinimumVisualStudioVersion = 10.0.40219.1
Project("{FAE04EC0-301F-11D3-BF4B-00C04F79EFBC}") = "bdproject", "bdproject.csproj", "{751AA952-9B4C-4F82-9441-48E37236146E}"
EndProject
Global
	GlobalSection(SolutionConfigurationPlatforms) = preSolution
		Debug|Any CPU = Debug|Any CPU
		Release|Any CPU = Release|Any CPU
	EndGlobalSection
	GlobalSection(ProjectConfigurationPlatforms) = postSolution
		{751AA952-9B4C-4F82-9441-48E37236146E}.Debug|Any CPU.ActiveCfg = Debug|Any CPU
		{751AA952-9B4C-4F82-9441-48E37236146E}.Debug|Any CPU.Build.0 = Debug|Any CPU
		{751AA952-9B4C-4F82-9441-48E37236146E}.Release|Any CPU.ActiveCfg = Release|Any CPU
		{751AA952-9B4C-4F82-9441-48E37236146E}.Release|Any CPU.Build.0 = Release|Any CPU
	EndGlobalSection
	GlobalSection(SolutionProperties) = preSolution
		HideSolutionNode = FALSE
	EndGlobalSection
	GlobalSection(ExtensibilityGlobals) = postSolution
		SolutionGuid = {EC09A3CF-6E7C-460E-A037-A6782DCCD115}
	EndGlobalSection
EndGlobal
